PODS:
  - ActionSheetPicker-3.0 (2.2.0)
  - AKSideMenu (1.3.1)

DEPENDENCIES:
  - ActionSheetPicker-3.0
  - AKSideMenu

SPEC CHECKSUMS:
  ActionSheetPicker-3.0: d11a4c12c6aaf704b8a3f56d179198c99f3e41e6
  AKSideMenu: 1891ead7606775b9d820884c543ed492e91d276a

PODFILE CHECKSUM: 1ef04eeae5c3a8187589391c3f05d0ae3c6ee0aa

COCOAPODS: 1.0.1
